
Microsoft Visual Studio Solution File, Format Version 12.00
# Visual Studio Version 17
VisualStudioVersion = 17.8.34330.188
MinimumVisualStudioVersion = 10.0.40219.1
Project("{FAE04EC0-301F-11D3-BF4B-00C04F79EFBC}") = "ESTOQUE", "ESTOQUE.csproj", "{60AC23CC-08A0-47B9-8995-93A8467306E1}"
EndProject
Global
	GlobalSection(SolutionConfigurationPlatforms) = preSolution
		Debug|Any CPU = Debug|Any CPU
		Release|Any CPU = Release|Any CPU
	EndGlobalSection
	GlobalSection(ProjectConfigurationPlatforms) = postSolution
		{60AC23CC-08A0-47B9-8995-93A8467306E1}.Debug|Any CPU.ActiveCfg = Debug|Any CPU
		{60AC23CC-08A0-47B9-8995-93A8467306E1}.Debug|Any CPU.Build.0 = Debug|Any CPU
		{60AC23CC-08A0-47B9-8995-93A8467306E1}.Release|Any CPU.ActiveCfg = Release|Any CPU
		{60AC23CC-08A0-47B9-8995-93A8467306E1}.Release|Any CPU.Build.0 = Release|Any CPU
	EndGlobalSection
	GlobalSection(SolutionProperties) = preSolution
		HideSolutionNode = FALSE
	EndGlobalSection
	GlobalSection(ExtensibilityGlobals) = postSolution
		SolutionGuid = {33309DD2-44ED-46AC-9264-B8AE5D755955}
	EndGlobalSection
EndGlobal
